
Microsoft Visual Studio Solution File, Format Version 12.00
# Visual Studio Version 17
VisualStudioVersion = 17.14.36408.4 d17.14
MinimumVisualStudioVersion = 10.0.40219.1
Project("{FAE04EC0-301F-11D3-BF4B-00C04F79EFBC}") = "PureClip", "PureClip.csproj", "{688BFE72-6800-471C-852F-F5FE6F24EB75}"
EndProject
Global
	GlobalSection(SolutionConfigurationPlatforms) = preSolution
		Debug|Any CPU = Debug|Any CPU
		Release|Any CPU = Release|Any CPU
	EndGlobalSection
	GlobalSection(ProjectConfigurationPlatforms) = postSolution
		{688BFE72-6800-471C-852F-F5FE6F24EB75}.Debug|Any CPU.ActiveCfg = Debug|Any CPU
		{688BFE72-6800-471C-852F-F5FE6F24EB75}.Debug|Any CPU.Build.0 = Debug|Any CPU
		{688BFE72-6800-471C-852F-F5FE6F24EB75}.Release|Any CPU.ActiveCfg = Release|Any CPU
		{688BFE72-6800-471C-852F-F5FE6F24EB75}.Release|Any CPU.Build.0 = Release|Any CPU
	EndGlobalSection
	GlobalSection(SolutionProperties) = preSolution
		HideSolutionNode = FALSE
	EndGlobalSection
	GlobalSection(ExtensibilityGlobals) = postSolution
		SolutionGuid = {ACB81183-46BC-43D1-84F0-F8DD3053D787}
	EndGlobalSection
EndGlobal
